
Microsoft Visual Studio Solution File, Format Version 12.00
# Visual Studio Version 18
VisualStudioVersion = 18.3.11310.294
MinimumVisualStudioVersion = 10.0.40219.1
Project("{FAE04EC0-301F-11D3-BF4B-00C04F79EFBC}") = "RqSimGraphEngine", "RqSimGraphEngine\RqSimGraphEngine.csproj", "{2C9C1D91-5F17-C854-7CDF-9B0D17FE5B2A}"
EndProject
Project("{FAE04EC0-301F-11D3-BF4B-00C04F79EFBC}") = "RqSimConsole", "RqSimConsole\RqSimConsole.csproj", "{BD345CB3-F568-410C-8594-4CAC719DF36C}"
EndProject
Project("{FAE04EC0-301F-11D3-BF4B-00C04F79EFBC}") = "RqSimEngineApi", "RqSimEngineApi\RqSimEngineApi.csproj", "{3ED7E4EF-7EBC-4ECE-A18C-1D94D724CC9C}"
EndProject
Project("{FAE04EC0-301F-11D3-BF4B-00C04F79EFBC}") = "RqSimRenderingEngine", "RqSimRenderingEngine\RqSimRenderingEngine.csproj", "{7EFED451-DD63-441A-B160-62E5D6296609}"
EndProject
Project("{FAE04EC0-301F-11D3-BF4B-00C04F79EFBC}") = "RqSimUI", "RqSimUI\RqSimUI.csproj", "{CC4CD584-1F93-2BC5-D0AE-0D50B21C076D}"
EndProject
Project("{FAE04EC0-301F-11D3-BF4B-00C04F79EFBC}") = "RqSimRenderingEngine.Abstractions", "RqSimRenderingEngine.Abstractions\RqSimRenderingEngine.Abstractions.csproj", "{AD7620DA-7743-90D9-5928-20A65CCF679F}"
EndProject
Project("{2150E333-8FDC-42A3-9474-1A3956D46DE8}") = "Rendering", "Rendering", "{405FB3F3-3AF3-4CDC-B5E4-F5A037B75A92}"
EndProject
Project("{FAE04EC0-301F-11D3-BF4B-00C04F79EFBC}") = "PhysxPluginsForm", "RqSim.PluginManager.UI\PhysxPluginsForm.csproj", "{8529948B-8B2B-4BD6-A385-D4499F7962B0}"
EndProject
Project("{FAE04EC0-301F-11D3-BF4B-00C04F79EFBC}") = "Dx12TestWinForm", "Dx12WinForm\Dx12TestWinForm.csproj", "{C10E81D5-6434-4B9A-83D7-D639B7CB9D1D}"
EndProject
Project("{FAE04EC0-301F-11D3-BF4B-00C04F79EFBC}") = "RqSim3DForm", "RqSim3DForm\RqSim3DForm.csproj", "{05E2C3F3-4B99-4AC8-AA14-8904D0F4E2E8}"
EndProject
Project("{2150E333-8FDC-42A3-9474-1A3956D46DE8}") = "Элементы решения", "Элементы решения", "{19D5A0CA-D76B-428A-9AB8-581061F0AE0E}"
	ProjectSection(SolutionItems) = preProject
		start.bat = start.bat
	EndProjectSection
EndProject
Project("{FAE04EC0-301F-11D3-BF4B-00C04F79EFBC}") = "RqSimVisualization", "RqSimVisualization\RqSimVisualization.csproj", "{0796014E-31CB-4085-872F-583633912937}"
EndProject
Project("{2150E333-8FDC-42A3-9474-1A3956D46DE8}") = "ExternalForms", "ExternalForms", "{04FF5CB6-6CBD-4A95-AC7D-B23547FB5B60}"
EndProject
Project("{FAE04EC0-301F-11D3-BF4B-00C04F79EFBC}") = "RqSimTelemetryForm", "RqSimTelemetryForm\RqSimTelemetryForm.csproj", "{04F1A364-0981-4EAC-8815-AF56F924F79A}"
EndProject
Project("{FAE04EC0-301F-11D3-BF4B-00C04F79EFBC}") = "RqSimPlatform.Contracts", "RqSimPlatform.Contracts\RqSimPlatform.Contracts.csproj", "{C3888C90-C5A9-4CF3-AEBA-B622E43B32A8}"
EndProject
Global
	GlobalSection(SolutionConfigurationPlatforms) = preSolution
		Debug|Any CPU = Debug|Any CPU
		Debug|x64 = Debug|x64
		Debug|x86 = Debug|x86
		Release|Any CPU = Release|Any CPU
		Release|x64 = Release|x64
		Release|x86 = Release|x86
	EndGlobalSection
	GlobalSection(ProjectConfigurationPlatforms) = postSolution
		{2C9C1D91-5F17-C854-7CDF-9B0D17FE5B2A}.Debug|Any CPU.ActiveCfg = Debug|Any CPU
		{2C9C1D91-5F17-C854-7CDF-9B0D17FE5B2A}.Debug|Any CPU.Build.0 = Debug|Any CPU
		{2C9C1D91-5F17-C854-7CDF-9B0D17FE5B2A}.Debug|x64.ActiveCfg = Debug|Any CPU
		{2C9C1D91-5F17-C854-7CDF-9B0D17FE5B2A}.Debug|x64.Build.0 = Debug|Any CPU
		{2C9C1D91-5F17-C854-7CDF-9B0D17FE5B2A}.Debug|x86.ActiveCfg = Debug|Any CPU
		{2C9C1D91-5F17-C854-7CDF-9B0D17FE5B2A}.Debug|x86.Build.0 = Debug|Any CPU
		{2C9C1D91-5F17-C854-7CDF-9B0D17FE5B2A}.Release|Any CPU.ActiveCfg = Release|Any CPU
		{2C9C1D91-5F17-C854-7CDF-9B0D17FE5B2A}.Release|Any CPU.Build.0 = Release|Any CPU
		{2C9C1D91-5F17-C854-7CDF-9B0D17FE5B2A}.Release|x64.ActiveCfg = Release|Any CPU
		{2C9C1D91-5F17-C854-7CDF-9B0D17FE5B2A}.Release|x64.Build.0 = Release|Any CPU
		{2C9C1D91-5F17-C854-7CDF-9B0D17FE5B2A}.Release|x86.ActiveCfg = Release|Any CPU
		{2C9C1D91-5F17-C854-7CDF-9B0D17FE5B2A}.Release|x86.Build.0 = Release|Any CPU
		{BD345CB3-F568-410C-8594-4CAC719DF36C}.Debug|Any CPU.ActiveCfg = Debug|Any CPU
		{BD345CB3-F568-410C-8594-4CAC719DF36C}.Debug|Any CPU.Build.0 = Debug|Any CPU
		{BD345CB3-F568-410C-8594-4CAC719DF36C}.Debug|x64.ActiveCfg = Debug|Any CPU
		{BD345CB3-F568-410C-8594-4CAC719DF36C}.Debug|x64.Build.0 = Debug|Any CPU
		{BD345CB3-F568-410C-8594-4CAC719DF36C}.Debug|x86.ActiveCfg = Debug|Any CPU
		{BD345CB3-F568-410C-8594-4CAC719DF36C}.Debug|x86.Build.0 = Debug|Any CPU
		{BD345CB3-F568-410C-8594-4CAC719DF36C}.Release|Any CPU.ActiveCfg = Release|Any CPU
		{BD345CB3-F568-410C-8594-4CAC719DF36C}.Release|Any CPU.Build.0 = Release|Any CPU
		{BD345CB3-F568-410C-8594-4CAC719DF36C}.Release|x64.ActiveCfg = Release|Any CPU
		{BD345CB3-F568-410C-8594-4CAC719DF36C}.Release|x64.Build.0 = Release|Any CPU
		{BD345CB3-F568-410C-8594-4CAC719DF36C}.Release|x86.ActiveCfg = Release|Any CPU
		{BD345CB3-F568-410C-8594-4CAC719DF36C}.Release|x86.Build.0 = Release|Any CPU
		{3ED7E4EF-7EBC-4ECE-A18C-1D94D724CC9C}.Debug|Any CPU.ActiveCfg = Debug|Any CPU
		{3ED7E4EF-7EBC-4ECE-A18C-1D94D724CC9C}.Debug|Any CPU.Build.0 = Debug|Any CPU
		{3ED7E4EF-7EBC-4ECE-A18C-1D94D724CC9C}.Debug|x64.ActiveCfg = Debug|Any CPU
		{3ED7E4EF-7EBC-4ECE-A18C-1D94D724CC9C}.Debug|x64.Build.0 = Debug|Any CPU
		{3ED7E4EF-7EBC-4ECE-A18C-1D94D724CC9C}.Debug|x86.ActiveCfg = Debug|Any CPU
		{3ED7E4EF-7EBC-4ECE-A18C-1D94D724CC9C}.Debug|x86.Build.0 = Debug|Any CPU
		{3ED7E4EF-7EBC-4ECE-A18C-1D94D724CC9C}.Release|Any CPU.ActiveCfg = Release|Any CPU
		{3ED7E4EF-7EBC-4ECE-A18C-1D94D724CC9C}.Release|Any CPU.Build.0 = Release|Any CPU
		{3ED7E4EF-7EBC-4ECE-A18C-1D94D724CC9C}.Release|x64.ActiveCfg = Release|Any CPU
		{3ED7E4EF-7EBC-4ECE-A18C-1D94D724CC9C}.Release|x64.Build.0 = Release|Any CPU
		{3ED7E4EF-7EBC-4ECE-A18C-1D94D724CC9C}.Release|x86.ActiveCfg = Release|Any CPU
		{3ED7E4EF-7EBC-4ECE-A18C-1D94D724CC9C}.Release|x86.Build.0 = Release|Any CPU
		{7EFED451-DD63-441A-B160-62E5D6296609}.Debug|Any CPU.ActiveCfg = Debug|Any CPU
		{7EFED451-DD63-441A-B160-62E5D6296609}.Debug|Any CPU.Build.0 = Debug|Any CPU
		{7EFED451-DD63-441A-B160-62E5D6296609}.Debug|x64.ActiveCfg = Debug|Any CPU
		{7EFED451-DD63-441A-B160-62E5D6296609}.Debug|x64.Build.0 = Debug|Any CPU
		{7EFED451-DD63-441A-B160-62E5D6296609}.Debug|x86.ActiveCfg = Debug|Any CPU
		{7EFED451-DD63-441A-B160-62E5D6296609}.Debug|x86.Build.0 = Debug|Any CPU
		{7EFED451-DD63-441A-B160-62E5D6296609}.Release|Any CPU.ActiveCfg = Release|Any CPU
		{7EFED451-DD63-441A-B160-62E5D6296609}.Release|Any CPU.Build.0 = Release|Any CPU
		{7EFED451-DD63-441A-B160-62E5D6296609}.Release|x64.ActiveCfg = Release|Any CPU
		{7EFED451-DD63-441A-B160-62E5D6296609}.Release|x64.Build.0 = Release|Any CPU
		{7EFED451-DD63-441A-B160-62E5D6296609}.Release|x86.ActiveCfg = Release|Any CPU
		{7EFED451-DD63-441A-B160-62E5D6296609}.Release|x86.Build.0 = Release|Any CPU
		{CC4CD584-1F93-2BC5-D0AE-0D50B21C076D}.Debug|Any CPU.ActiveCfg = Debug|Any CPU
		{CC4CD584-1F93-2BC5-D0AE-0D50B21C076D}.Debug|Any CPU.Build.0 = Debug|Any CPU
		{CC4CD584-1F93-2BC5-D0AE-0D50B21C076D}.Debug|x64.ActiveCfg = Debug|x64
		{CC4CD584-1F93-2BC5-D0AE-0D50B21C076D}.Debug|x64.Build.0 = Debug|x64
		{CC4CD584-1F93-2BC5-D0AE-0D50B21C076D}.Debug|x86.ActiveCfg = Debug|Any CPU
		{CC4CD584-1F93-2BC5-D0AE-0D50B21C076D}.Debug|x86.Build.0 = Debug|Any CPU
		{CC4CD584-1F93-2BC5-D0AE-0D50B21C076D}.Release|Any CPU.ActiveCfg = Release|Any CPU
		{CC4CD584-1F93-2BC5-D0AE-0D50B21C076D}.Release|Any CPU.Build.0 = Release|Any CPU
		{CC4CD584-1F93-2BC5-D0AE-0D50B21C076D}.Release|x64.ActiveCfg = Release|x64
		{CC4CD584-1F93-2BC5-D0AE-0D50B21C076D}.Release|x64.Build.0 = Release|x64
		{CC4CD584-1F93-2BC5-D0AE-0D50B21C076D}.Release|x86.ActiveCfg = Release|Any CPU
		{CC4CD584-1F93-2BC5-D0AE-0D50B21C076D}.Release|x86.Build.0 = Release|Any CPU
		{AD7620DA-7743-90D9-5928-20A65CCF679F}.Debug|Any CPU.ActiveCfg = Debug|Any CPU
		{AD7620DA-7743-90D9-5928-20A65CCF679F}.Debug|Any CPU.Build.0 = Debug|Any CPU
		{AD7620DA-7743-90D9-5928-20A65CCF679F}.Debug|x64.ActiveCfg = Debug|Any CPU
		{AD7620DA-7743-90D9-5928-20A65CCF679F}.Debug|x64.Build.0 = Debug|Any CPU
		{AD7620DA-7743-90D9-5928-20A65CCF679F}.Debug|x86.ActiveCfg = Debug|Any CPU
		{AD7620DA-7743-90D9-5928-20A65CCF679F}.Debug|x86.Build.0 = Debug|Any CPU
		{AD7620DA-7743-90D9-5928-20A65CCF679F}.Release|Any CPU.ActiveCfg = Release|Any CPU
		{AD7620DA-7743-90D9-5928-20A65CCF679F}.Release|Any CPU.Build.0 = Release|Any CPU
		{AD7620DA-7743-90D9-5928-20A65CCF679F}.Release|x64.ActiveCfg = Release|Any CPU
		{AD7620DA-7743-90D9-5928-20A65CCF679F}.Release|x64.Build.0 = Release|Any CPU
		{AD7620DA-7743-90D9-5928-20A65CCF679F}.Release|x86.ActiveCfg = Release|Any CPU
		{AD7620DA-7743-90D9-5928-20A65CCF679F}.Release|x86.Build.0 = Release|Any CPU
		{8529948B-8B2B-4BD6-A385-D4499F7962B0}.Debug|Any CPU.ActiveCfg = Debug|Any CPU
		{8529948B-8B2B-4BD6-A385-D4499F7962B0}.Debug|Any CPU.Build.0 = Debug|Any CPU
		{8529948B-8B2B-4BD6-A385-D4499F7962B0}.Debug|x64.ActiveCfg = Debug|Any CPU
		{8529948B-8B2B-4BD6-A385-D4499F7962B0}.Debug|x64.Build.0 = Debug|Any CPU
		{8529948B-8B2B-4BD6-A385-D4499F7962B0}.Debug|x86.ActiveCfg = Debug|Any CPU
		{8529948B-8B2B-4BD6-A385-D4499F7962B0}.Debug|x86.Build.0 = Debug|Any CPU
		{8529948B-8B2B-4BD6-A385-D4499F7962B0}.Release|Any CPU.ActiveCfg = Release|Any CPU
		{8529948B-8B2B-4BD6-A385-D4499F7962B0}.Release|Any CPU.Build.0 = Release|Any CPU
		{8529948B-8B2B-4BD6-A385-D4499F7962B0}.Release|x64.ActiveCfg = Release|Any CPU
		{8529948B-8B2B-4BD6-A385-D4499F7962B0}.Release|x64.Build.0 = Release|Any CPU
		{8529948B-8B2B-4BD6-A385-D4499F7962B0}.Release|x86.ActiveCfg = Release|Any CPU
		{8529948B-8B2B-4BD6-A385-D4499F7962B0}.Release|x86.Build.0 = Release|Any CPU
		{C10E81D5-6434-4B9A-83D7-D639B7CB9D1D}.Debug|Any CPU.ActiveCfg = Debug|Any CPU
		{C10E81D5-6434-4B9A-83D7-D639B7CB9D1D}.Debug|Any CPU.Build.0 = Debug|Any CPU
		{C10E81D5-6434-4B9A-83D7-D639B7CB9D1D}.Debug|x64.ActiveCfg = Debug|Any CPU
		{C10E81D5-6434-4B9A-83D7-D639B7CB9D1D}.Debug|x64.Build.0 = Debug|Any CPU
		{C10E81D5-6434-4B9A-83D7-D639B7CB9D1D}.Debug|x86.ActiveCfg = Debug|Any CPU
		{C10E81D5-6434-4B9A-83D7-D639B7CB9D1D}.Debug|x86.Build.0 = Debug|Any CPU
		{C10E81D5-6434-4B9A-83D7-D639B7CB9D1D}.Release|Any CPU.ActiveCfg = Release|Any CPU
		{C10E81D5-6434-4B9A-83D7-D639B7CB9D1D}.Release|Any CPU.Build.0 = Release|Any CPU
		{C10E81D5-6434-4B9A-83D7-D639B7CB9D1D}.Release|x64.ActiveCfg = Release|Any CPU
		{C10E81D5-6434-4B9A-83D7-D639B7CB9D1D}.Release|x64.Build.0 = Release|Any CPU
		{C10E81D5-6434-4B9A-83D7-D639B7CB9D1D}.Release|x86.ActiveCfg = Release|Any CPU
		{C10E81D5-6434-4B9A-83D7-D639B7CB9D1D}.Release|x86.Build.0 = Release|Any CPU
		{05E2C3F3-4B99-4AC8-AA14-8904D0F4E2E8}.Debug|Any CPU.ActiveCfg = Debug|Any CPU
		{05E2C3F3-4B99-4AC8-AA14-8904D0F4E2E8}.Debug|Any CPU.Build.0 = Debug|Any CPU
		{05E2C3F3-4B99-4AC8-AA14-8904D0F4E2E8}.Debug|x64.ActiveCfg = Debug|Any CPU
		{05E2C3F3-4B99-4AC8-AA14-8904D0F4E2E8}.Debug|x64.Build.0 = Debug|Any CPU
		{05E2C3F3-4B99-4AC8-AA14-8904D0F4E2E8}.Debug|x86.ActiveCfg = Debug|Any CPU
		{05E2C3F3-4B99-4AC8-AA14-8904D0F4E2E8}.Debug|x86.Build.0 = Debug|Any CPU
		{05E2C3F3-4B99-4AC8-AA14-8904D0F4E2E8}.Release|Any CPU.ActiveCfg = Release|Any CPU
		{05E2C3F3-4B99-4AC8-AA14-8904D0F4E2E8}.Release|Any CPU.Build.0 = Release|Any CPU
		{05E2C3F3-4B99-4AC8-AA14-8904D0F4E2E8}.Release|x64.ActiveCfg = Release|Any CPU
		{05E2C3F3-4B99-4AC8-AA14-8904D0F4E2E8}.Release|x64.Build.0 = Release|Any CPU
		{05E2C3F3-4B99-4AC8-AA14-8904D0F4E2E8}.Release|x86.ActiveCfg = Release|Any CPU
		{05E2C3F3-4B99-4AC8-AA14-8904D0F4E2E8}.Release|x86.Build.0 = Release|Any CPU
		{0796014E-31CB-4085-872F-583633912937}.Debug|Any CPU.ActiveCfg = Debug|Any CPU
		{0796014E-31CB-4085-872F-583633912937}.Debug|Any CPU.Build.0 = Debug|Any CPU
		{0796014E-31CB-4085-872F-583633912937}.Debug|x64.ActiveCfg = Debug|Any CPU
		{0796014E-31CB-4085-872F-583633912937}.Debug|x64.Build.0 = Debug|Any CPU
		{0796014E-31CB-4085-872F-583633912937}.Debug|x86.ActiveCfg = Debug|Any CPU
		{0796014E-31CB-4085-872F-583633912937}.Debug|x86.Build.0 = Debug|Any CPU
		{0796014E-31CB-4085-872F-583633912937}.Release|Any CPU.ActiveCfg = Release|Any CPU
		{0796014E-31CB-4085-872F-583633912937}.Release|Any CPU.Build.0 = Release|Any CPU
		{0796014E-31CB-4085-872F-583633912937}.Release|x64.ActiveCfg = Release|Any CPU
		{0796014E-31CB-4085-872F-583633912937}.Release|x64.Build.0 = Release|Any CPU
		{0796014E-31CB-4085-872F-583633912937}.Release|x86.ActiveCfg = Release|Any CPU
		{0796014E-31CB-4085-872F-583633912937}.Release|x86.Build.0 = Release|Any CPU
		{04F1A364-0981-4EAC-8815-AF56F924F79A}.Debug|Any CPU.ActiveCfg = Debug|Any CPU
		{04F1A364-0981-4EAC-8815-AF56F924F79A}.Debug|Any CPU.Build.0 = Debug|Any CPU
		{04F1A364-0981-4EAC-8815-AF56F924F79A}.Debug|x64.ActiveCfg = Debug|Any CPU
		{04F1A364-0981-4EAC-8815-AF56F924F79A}.Debug|x64.Build.0 = Debug|Any CPU
		{04F1A364-0981-4EAC-8815-AF56F924F79A}.Debug|x86.ActiveCfg = Debug|Any CPU
		{04F1A364-0981-4EAC-8815-AF56F924F79A}.Debug|x86.Build.0 = Debug|Any CPU
		{04F1A364-0981-4EAC-8815-AF56F924F79A}.Release|Any CPU.ActiveCfg = Release|Any CPU
		{04F1A364-0981-4EAC-8815-AF56F924F79A}.Release|Any CPU.Build.0 = Release|Any CPU
		{04F1A364-0981-4EAC-8815-AF56F924F79A}.Release|x64.ActiveCfg = Release|Any CPU
		{04F1A364-0981-4EAC-8815-AF56F924F79A}.Release|x64.Build.0 = Release|Any CPU
		{04F1A364-0981-4EAC-8815-AF56F924F79A}.Release|x86.ActiveCfg = Release|Any CPU
		{04F1A364-0981-4EAC-8815-AF56F924F79A}.Release|x86.Build.0 = Release|Any CPU
		{C3888C90-C5A9-4CF3-AEBA-B622E43B32A8}.Debug|Any CPU.ActiveCfg = Debug|Any CPU
		{C3888C90-C5A9-4CF3-AEBA-B622E43B32A8}.Debug|Any CPU.Build.0 = Debug|Any CPU
		{C3888C90-C5A9-4CF3-AEBA-B622E43B32A8}.Debug|x64.ActiveCfg = Debug|Any CPU
		{C3888C90-C5A9-4CF3-AEBA-B622E43B32A8}.Debug|x64.Build.0 = Debug|Any CPU
		{C3888C90-C5A9-4CF3-AEBA-B622E43B32A8}.Debug|x86.ActiveCfg = Debug|Any CPU
		{C3888C90-C5A9-4CF3-AEBA-B622E43B32A8}.Debug|x86.Build.0 = Debug|Any CPU
		{C3888C90-C5A9-4CF3-AEBA-B622E43B32A8}.Release|Any CPU.ActiveCfg = Release|Any CPU
		{C3888C90-C5A9-4CF3-AEBA-B622E43B32A8}.Release|Any CPU.Build.0 = Release|Any CPU
		{C3888C90-C5A9-4CF3-AEBA-B622E43B32A8}.Release|x64.ActiveCfg = Release|Any CPU
		{C3888C90-C5A9-4CF3-AEBA-B622E43B32A8}.Release|x64.Build.0 = Release|Any CPU
		{C3888C90-C5A9-4CF3-AEBA-B622E43B32A8}.Release|x86.ActiveCfg = Release|Any CPU
		{C3888C90-C5A9-4CF3-AEBA-B622E43B32A8}.Release|x86.Build.0 = Release|Any CPU
	EndGlobalSection
	GlobalSection(SolutionProperties) = preSolution
		HideSolutionNode = FALSE
	EndGlobalSection
	GlobalSection(NestedProjects) = preSolution
		{7EFED451-DD63-441A-B160-62E5D6296609} = {405FB3F3-3AF3-4CDC-B5E4-F5A037B75A92}
		{AD7620DA-7743-90D9-5928-20A65CCF679F} = {405FB3F3-3AF3-4CDC-B5E4-F5A037B75A92}
		{8529948B-8B2B-4BD6-A385-D4499F7962B0} = {04FF5CB6-6CBD-4A95-AC7D-B23547FB5B60}
		{C10E81D5-6434-4B9A-83D7-D639B7CB9D1D} = {04FF5CB6-6CBD-4A95-AC7D-B23547FB5B60}
		{05E2C3F3-4B99-4AC8-AA14-8904D0F4E2E8} = {04FF5CB6-6CBD-4A95-AC7D-B23547FB5B60}
		{0796014E-31CB-4085-872F-583633912937} = {04FF5CB6-6CBD-4A95-AC7D-B23547FB5B60}
		{04F1A364-0981-4EAC-8815-AF56F924F79A} = {04FF5CB6-6CBD-4A95-AC7D-B23547FB5B60}
	EndGlobalSection
	GlobalSection(ExtensibilityGlobals) = postSolution
		SolutionGuid = {C2DC01DB-260E-4260-8F81-94F275C9A237}
	EndGlobalSection
EndGlobal
